
Microsoft Visual Studio Solution File, Format Version 12.00
# Visual Studio Version 16
VisualStudioVersion = 16.0.32510.428
MinimumVisualStudioVersion = 10.0.40219.1
Project("{8BC9CEB8-8B4A-11D0-8D11-00A0C91BC942}") = "step2", "step2.vcxproj", "{9F711881-E6E7-4988-B4CE-D2AE7AA2A63A}"
EndProject
Global
	GlobalSection(SolutionConfigurationPlatforms) = preSolution
		Debug|x64 = Debug|x64
		Debug|x86 = Debug|x86
		Release|x64 = Release|x64
		Release|x86 = Release|x86
	EndGlobalSection
	GlobalSection(ProjectConfigurationPlatforms) = postSolution
		{9F711881-E6E7-4988-B4CE-D2AE7AA2A63A}.Debug|x64.ActiveCfg = Debug|x64
		{9F711881-E6E7-4988-B4CE-D2AE7AA2A63A}.Debug|x64.Build.0 = Debug|x64
		{9F711881-E6E7-4988-B4CE-D2AE7AA2A63A}.Debug|x86.ActiveCfg = Debug|Win32
		{9F711881-E6E7-4988-B4CE-D2AE7AA2A63A}.Debug|x86.Build.0 = Debug|Win32
		{9F711881-E6E7-4988-B4CE-D2AE7AA2A63A}.Release|x64.ActiveCfg = Release|x64
		{9F711881-E6E7-4988-B4CE-D2AE7AA2A63A}.Release|x64.Build.0 = Release|x64
		{9F711881-E6E7-4988-B4CE-D2AE7AA2A63A}.Release|x86.ActiveCfg = Release|Win32
		{9F711881-E6E7-4988-B4CE-D2AE7AA2A63A}.Release|x86.Build.0 = Release|Win32
	EndGlobalSection
	GlobalSection(SolutionProperties) = preSolution
		HideSolutionNode = FALSE
	EndGlobalSection
	GlobalSection(ExtensibilityGlobals) = postSolution
		SolutionGuid = {D14885EA-9EE4-4156-9BA8-5FC8BD5339A3}
	EndGlobalSection
EndGlobal
